{
  "name": "ecustRepairBusiness",
  "version": "0.0.0",
  "lockfileVersion": 1,
  "requires": true,
  "dependencies": {
    "aoomeoui_for_wxmini": {
      "version": "0.0.7",
      "resolved": "https://registry.npmjs.org/aoomeoui_for_wxmini/-/aoomeoui_for_wxmini-0.0.7.tgz",
      "integrity": "sha512-rbK8Lh3HjKR3AhO4SochtkkUikp2zhtgKac6vQXY+xDIZ7Bm+LdsHM/hrg7KfzBg0GT76VsnabNy5owYMgjQ9w=="
    },
    "miniprogram-slide-view": {
      "version": "0.0.3",
      "resolved": "https://registry.npmjs.org/miniprogram-slide-view/-/miniprogram-slide-view-0.0.3.tgz",
      "integrity": "sha512-ZvR0Uy/mOrCpkYUhO/bNV9LVgYCfKoJSZeUyRv+BNGQGHa1HwzXOZsYc942vhzW8sBmnIhcW4s4InYXDVeHw9w=="
    }
  }
}
